[{<<"base64url">>,
  {git,"https://github.com/dvv/base64url.git",
       {ref,"f2c64ed8b9bebc536fad37ad97243452b674b837"}},
  2},
 {<<"cowboy">>,
  {git,"https://github.com/ninenines/cowboy.git",
       {ref,"d08c2ab39d38c181abda279d5c2cadfac33a50c1"}},
  0},
 {<<"cowlib">>,
  {git,"https://github.com/ninenines/cowlib.git",
       {ref,"d544a494af4dbc810fc9c15eaf5cc050cced1501"}},
  1},
 {<<"econfig">>,
  {git,"https://github.com/benoitc/econfig.git",
       {ref,"344a9fb064814790e07057c7b16efef4cea0d7e6"}},
  0},
 {<<"ejwt">>,
  {git,"https://github.com/indigo-dc/ejwt.git",
       {ref,"b505b0891267d1ee9846d6f82ff51e99b79ed8d8"}},
  1},
 {<<"eper">>,
  {git,"https://github.com/massemanet/eper.git",
       {ref,"f7a1b4504f5eefc61fb9da7101fdaccc687021cd"}},
  0},
 {<<"erlydtl">>,
  {git,"https://github.com/erlydtl/erlydtl.git",
       {ref,"333025ad718e586d98852ef499eb3fbb69a349f4"}},
  0},
 {<<"esqlite">>,
  {git,"https://github.com/mmzeeman/esqlite.git",
       {ref,"a0c5b39ae11f5eb84d525c2d2b8553c6f0e17b79"}},
  0},
 {<<"goldrush">>,
  {git,"git://github.com/DeadZen/goldrush.git",
       {ref,"212299233c7e7eb63a97be2777e1c05ebaa58dbe"}},
  1},
 {<<"gun">>,
  {git,"https://github.com/ninenines/gun.git",
       {ref,"d88f3675dba9e066ef339789d8c223358f744aac"}},
  1},
 {<<"jsx">>,
  {git,"https://github.com/talentdeficit/jsx.git",
       {ref,"3074d4865b3385a050badf7828ad31490d860df5"}},
  2},
 {<<"lager">>,
  {git,"https://github.com/basho/lager.git",
       {ref,"46f535b856e4a30c5afed34778b2b6e23560a845"}},
  0},
 {<<"oidcc">>,
  {git,"https://github.com/indigo-dc/oidcc.git",
       {ref,"06d63d51da95c06c721965f4673172bf8daff23c"}},
  0},
 {<<"quickrand">>,
  {git,"https://github.com/okeuday/quickrand.git",
       {ref,"75a709de3ccffb0bf53989ccb2e538d230215493"}},
  1},
 {<<"ranch">>,
  {git,"https://github.com/ninenines/ranch.git",
       {ref,"adf1822defc2b7cfdc7aca112adabfa1d614043c"}},
  1},
 {<<"rebar_vsn_plugin">>,
  {git,"https://github.com/erlware/rebar_vsn_plugin.git",
       {ref,"fd40c960c7912193631d948fe962e1162a8d1334"}},
  2},
 {<<"uri">>,
  {git,"https://github.com/erlware/uri.git",
       {ref,"91f6b7162d25cc42538606daf08f5df3b9f5861b"}},
  1},
 {<<"uuid">>,
  {git,"https://github.com/okeuday/uuid.git",
       {ref,"b2a42be011400bc182e5b0bb68cdc7e4084d13e7"}},
  0}].
