{"1.1.0",
[{<<"base64url">>,{pkg,<<"base64url">>,<<"0.0.1">>},2},
 {<<"cowboy">>,{pkg,<<"cowboy">>,<<"1.1.2">>},0},
 {<<"cowlib">>,{pkg,<<"cowlib">>,<<"1.0.2">>},1},
 {<<"eleveldb">>,{pkg,<<"eleveldb">>,<<"2.2.19">>},0},
 {<<"eper">>,{pkg,<<"eper">>,<<"0.94.0">>},0},
 {<<"erlexec">>,{pkg,<<"erlexec">>,<<"1.7.1">>},0},
 {<<"erljwt">>,{pkg,<<"erljwt">>,<<"2.0.2">>},1},
 {<<"esqlite">>,{pkg,<<"esqlite">>,<<"0.2.3">>},0},
 {<<"goldrush">>,{pkg,<<"goldrush">>,<<"0.1.9">>},1},
 {<<"jobs">>,
  {git,"https://github.com/uwiger/jobs",
       {ref,"9233b5446ca32ad257ff6166c91eb7e9130ce4f3"}},
  0},
 {<<"jsone">>,{pkg,<<"jsone">>,<<"1.4.0">>},2},
 {<<"lager">>,{pkg,<<"lager">>,<<"3.5.1">>},0},
 {<<"lager_syslog">>,
  {git,"https://github.com/basho/lager_syslog",
       {ref,"c59ccd421426a3d54b379e9b1f62f1f145dd5802"}},
  0},
 {<<"mnesia_eleveldb">>,
  {git,"https://github.com/klarna/mnesia_eleveldb",
       {ref,"b9889984d2268c891d444bbd4177a724e2616244"}},
  0},
 {<<"node_package">>,
  {git,"https://github.com/bwegh/node_package.git",
       {ref,"f35585f0ba6fe98d8dad6a3889788eaa29f5a150"}},
  0},
 {<<"oidcc">>,{pkg,<<"oidcc">>,<<"1.5.0">>},0},
 {<<"oidcc_cowboy">>,{pkg,<<"oidcc_cowboy">>,<<"1.4.0">>},0},
 {<<"parse_trans">>,
  {git,"git://github.com/uwiger/parse_trans.git",
       {ref,"6f3645afb43c7c57d61b54ef59aecab288ce1013"}},
  1},
 {<<"proper">>,
  {git,"https://github.com/manopapad/proper.git",
       {ref,"a112a2d64b2b1bfbea780e139980711dfe99b431"}},
  1},
 {<<"quickrand">>,{pkg,<<"quickrand">>,<<"1.7.0">>},1},
 {<<"ranch">>,{pkg,<<"ranch">>,<<"1.3.2">>},1},
 {<<"syslog">>,
  {git,"https://github.com/basho/erlang-syslog",
       {ref,"e24c9ee8f7bb3f066ec152c210af10c2c712759a"}},
  1},
 {<<"uuid">>,{pkg,<<"uuid_erl">>,<<"1.7.0">>},0}]}.
[
{pkg_hash,[
 {<<"base64url">>, <<"36A90125F5948E3AFD7BE97662A1504B934DD5DAC78451CA6E9ABF85A10286BE">>},
 {<<"cowboy">>, <<"61AC29EA970389A88ECA5A65601460162D370A70018AFE6F949A29DCA91F3BB0">>},
 {<<"cowlib">>, <<"9D769A1D062C9C3AC753096F868CA121E2730B9A377DE23DEC0F7E08B1DF84EE">>},
 {<<"eleveldb">>, <<"81339BEB68DA0A5CDFF8662D5F4E8089B83530A7B8238D3F63B734A4D4C8040D">>},
 {<<"eper">>, <<"F5FB2DAA0DF8878748E1C598428EDA942A173E5121FF35C1D632129B84593A3A">>},
 {<<"erlexec">>, <<"6DDBD40FA202084ED0BDAF95A50C334ACAA5644AE213B903CD4094A78AE79734">>},
 {<<"erljwt">>, <<"3D17F4BFE965F712A58F3D6AD424FD100D028987FDED6834A64E94091F44D3C9">>},
 {<<"esqlite">>, <<"1A8B60877FDD3D50A8A84B342DB04032C0231CC27ECFF4DDD0D934485D4C0CD5">>},
 {<<"goldrush">>, <<"F06E5D5F1277DA5C413E84D5A2924174182FB108DABB39D5EC548B27424CD106">>},
 {<<"jsone">>, <<"6ECFD2C91E16F48E1535743B57D01A42C65D7DD51A8B43E5723B1F79927169A8">>},
 {<<"lager">>, <<"63897A61AF646C59BB928FEE9756CE8BDD02D5A1A2F3551D4A5E38386C2CC071">>},
 {<<"oidcc">>, <<"591905F18870FCF053299D0B2F7FAE080B97CC4E5630E32D9AB70B92E48373EE">>},
 {<<"oidcc_cowboy">>, <<"3FF2CC7D326A461B5E455CA4997189253CE0392C6C88B91A2135153806A60151">>},
 {<<"quickrand">>, <<"FF3916C50BC10A8DC62417FC6049FEF5EA56D5DBCFCE546FAABFB6188E3BAEAA">>},
 {<<"ranch">>, <<"E4965A144DC9FBE70E5C077C65E73C57165416A901BD02EA899CFD95AA890986">>},
 {<<"uuid">>, <<"EB803855E12D57B1CC10522781D1B42064FA2E4C576731700EE48D84A9283292">>}]}
].
