[{<<"base64url">>,{pkg,<<"base64url">>,<<"0.0.1">>},2},
 {<<"cowboy">>,{pkg,<<"cowboy">>,<<"1.0.4">>},0},
 {<<"cowlib">>,{pkg,<<"cowlib">>,<<"1.0.2">>},1},
 {<<"econfig">>,{pkg,<<"econfig">>,<<"0.7.3">>},0},
 {<<"eper">>,{pkg,<<"eper">>,<<"0.94.0">>},0},
 {<<"erljwt">>,{pkg,<<"erljwt">>,<<"0.1.0">>},1},
 {<<"erlydtl">>,{pkg,<<"erlydtl">>,<<"0.11.1">>},0},
 {<<"esqlite">>,{pkg,<<"esqlite">>,<<"0.2.2">>},0},
 {<<"goldrush">>,{pkg,<<"goldrush">>,<<"0.1.8">>},1},
 {<<"gun">>,{pkg,<<"gun">>,<<"1.0.0-pre.1">>},1},
 {<<"jsx">>,{pkg,<<"jsx">>,<<"2.8.0">>},2},
 {<<"lager">>,{pkg,<<"lager">>,<<"3.2.1">>},0},
 {<<"node_package">>,
  {git,"https://github.com/dergraf/node_package.git",
       {ref,"f35585f0ba6fe98d8dad6a3889788eaa29f5a150"}},
  0},
 {<<"oidcc">>,
  {git,"https://github.com/indigo-dc/oidcc.git",
       {ref,"8bf909d77e012bfc94d088db8822b9118738e14f"}},
  0},
 {<<"ranch">>,{pkg,<<"ranch">>,<<"1.2.1">>},1}].
